// !$*UTF8*$!
{
	archiveVersion = 1;
	classes = {
	};
	objectVersion = 56;
	objects = {

/* Begin PBXBuildFile section */
		C45C28532BF798C00033CCD5 /* AppDelegate.swift in Sources */ = {isa = PBXBuildFile; fileRef = C45C28522BF798C00033CCD5 /* AppDelegate.swift */; };
		C45C28572BF798C00033CCD5 /* HomeVC.swift in Sources */ = {isa = PBXBuildFile; fileRef = C45C28562BF798C00033CCD5 /* HomeVC.swift */; };
		C45C285C2BF798C20033CCD5 /* Assets.xcassets in Resources */ = {isa = PBXBuildFile; fileRef = C45C285B2BF798C20033CCD5 /* Assets.xcassets */; };
		C45C285F2BF798C20033CCD5 /* LaunchScreen.storyboard in Resources */ = {isa = PBXBuildFile; fileRef = C45C285D2BF798C20033CCD5 /* LaunchScreen.storyboard */; };
		C45C286A2BF798C30033CCD5 /* Swift_ComponentsTests.swift in Sources */ = {isa = PBXBuildFile; fileRef = C45C28692BF798C30033CCD5 /* Swift_ComponentsTests.swift */; };
		C45C28742BF798C30033CCD5 /* Swift_ComponentsUITests.swift in Sources */ = {isa = PBXBuildFile; fileRef = C45C28732BF798C30033CCD5 /* Swift_ComponentsUITests.swift */; };
		C45C28762BF798C30033CCD5 /* Swift_ComponentsUITestsLaunchTests.swift in Sources */ = {isa = PBXBuildFile; fileRef = C45C28752BF798C30033CCD5 /* Swift_ComponentsUITestsLaunchTests.swift */; };
		C45C28842BF79A210033CCD5 /* SnapKit in Frameworks */ = {isa = PBXBuildFile; productRef = C45C28832BF79A210033CCD5 /* SnapKit */; };
		C45C28862BF79F240033CCD5 /* BaseVC.swift in Sources */ = {isa = PBXBuildFile; fileRef = C45C28852BF79F240033CCD5 /* BaseVC.swift */; };
		C45C28892BFB656F0033CCD5 /* RxBlocking in Frameworks */ = {isa = PBXBuildFile; productRef = C45C28882BFB656F0033CCD5 /* RxBlocking */; };
		C45C288B2BFB656F0033CCD5 /* RxCocoa in Frameworks */ = {isa = PBXBuildFile; productRef = C45C288A2BFB656F0033CCD5 /* RxCocoa */; };
		C45C288D2BFB656F0033CCD5 /* RxRelay in Frameworks */ = {isa = PBXBuildFile; productRef = C45C288C2BFB656F0033CCD5 /* RxRelay */; };
		C45C288F2BFB656F0033CCD5 /* RxSwift in Frameworks */ = {isa = PBXBuildFile; productRef = C45C288E2BFB656F0033CCD5 /* RxSwift */; };
		C45C28912BFB693D0033CCD5 /* AppButton.swift in Sources */ = {isa = PBXBuildFile; fileRef = C45C28902BFB693D0033CCD5 /* AppButton.swift */; };
		C45C28942BFB95820033CCD5 /* TableListVC.swift in Sources */ = {isa = PBXBuildFile; fileRef = C45C28932BFB95820033CCD5 /* TableListVC.swift */; };
		C45C28962BFB95A60033CCD5 /* CollectionListVC.swift in Sources */ = {isa = PBXBuildFile; fileRef = C45C28952BFB95A60033CCD5 /* CollectionListVC.swift */; };
		C45C289C2BFB95EA0033CCD5 /* BaseVM.swift in Sources */ = {isa = PBXBuildFile; fileRef = C45C289B2BFB95EA0033CCD5 /* BaseVM.swift */; };
		C45C28A22BFB96410033CCD5 /* BaseCVCell.swift in Sources */ = {isa = PBXBuildFile; fileRef = C45C28A12BFB96410033CCD5 /* BaseCVCell.swift */; };
		C45C28AA2BFB96BE0033CCD5 /* ListVM.swift in Sources */ = {isa = PBXBuildFile; fileRef = C45C28A92BFB96BE0033CCD5 /* ListVM.swift */; };
		C45C28AD2BFB96DD0033CCD5 /* ListItemModel.swift in Sources */ = {isa = PBXBuildFile; fileRef = C45C28AC2BFB96DD0033CCD5 /* ListItemModel.swift */; };
		C45C28B62BFB977F0033CCD5 /* UINavigationController+Extension.swift in Sources */ = {isa = PBXBuildFile; fileRef = C45C28B52BFB977F0033CCD5 /* UINavigationController+Extension.swift */; };
		C45C28B92BFB979C0033CCD5 /* HStackView.swift in Sources */ = {isa = PBXBuildFile; fileRef = C45C28B82BFB979C0033CCD5 /* HStackView.swift */; };
		C45C28BC2BFB97B60033CCD5 /* VStackView.swift in Sources */ = {isa = PBXBuildFile; fileRef = C45C28BB2BFB97B60033CCD5 /* VStackView.swift */; };
		C45C28BE2BFB97D60033CCD5 /* VSpacerView.swift in Sources */ = {isa = PBXBuildFile; fileRef = C45C28BD2BFB97D60033CCD5 /* VSpacerView.swift */; };
		C45C28C02BFB97EB0033CCD5 /* HSpacerView.swift in Sources */ = {isa = PBXBuildFile; fileRef = C45C28BF2BFB97EB0033CCD5 /* HSpacerView.swift */; };
		C45C28C32BFB98070033CCD5 /* VColoredSpacerView.swift in Sources */ = {isa = PBXBuildFile; fileRef = C45C28C22BFB98070033CCD5 /* VColoredSpacerView.swift */; };
		C45C28C52BFB981B0033CCD5 /* HColoredSpacerView.swift in Sources */ = {isa = PBXBuildFile; fileRef = C45C28C42BFB981B0033CCD5 /* HColoredSpacerView.swift */; };
		C45C28C72BFB98310033CCD5 /* BaseView.swift in Sources */ = {isa = PBXBuildFile; fileRef = C45C28C62BFB98310033CCD5 /* BaseView.swift */; };
		C45C28C92BFB985B0033CCD5 /* VScrollView.swift in Sources */ = {isa = PBXBuildFile; fileRef = C45C28C82BFB985B0033CCD5 /* VScrollView.swift */; };
		C45C28CB2BFB98700033CCD5 /* ColoredView.swift in Sources */ = {isa = PBXBuildFile; fileRef = C45C28CA2BFB98700033CCD5 /* ColoredView.swift */; };
		C45C28CD2BFB98A80033CCD5 /* PopupHandlable.swift in Sources */ = {isa = PBXBuildFile; fileRef = C45C28CC2BFB98A80033CCD5 /* PopupHandlable.swift */; };
		C4A8F4572BFCF18A00347742 /* FormField.swift in Sources */ = {isa = PBXBuildFile; fileRef = C4A8F4562BFCF18A00347742 /* FormField.swift */; };
		C4A8F45A2BFCF88A00347742 /* BaseLabel.swift in Sources */ = {isa = PBXBuildFile; fileRef = C4A8F4592BFCF88A00347742 /* BaseLabel.swift */; };
		C4A8F45C2BFD0FE600347742 /* FormFieldView.swift in Sources */ = {isa = PBXBuildFile; fileRef = C4A8F45B2BFD0FE600347742 /* FormFieldView.swift */; };
		C4A8F45E2BFD122000347742 /* EmailFormField.swift in Sources */ = {isa = PBXBuildFile; fileRef = C4A8F45D2BFD122000347742 /* EmailFormField.swift */; };
		C4A8F4602C0225EA00347742 /* PasswordFormField.swift in Sources */ = {isa = PBXBuildFile; fileRef = C4A8F45F2C0225EA00347742 /* PasswordFormField.swift */; };
		C4A8F4622C02297700347742 /* NationalIDFormField.swift in Sources */ = {isa = PBXBuildFile; fileRef = C4A8F4612C02297700347742 /* NationalIDFormField.swift */; };
		C4A8F4682C04C2B800347742 /* SessionStorage.swift in Sources */ = {isa = PBXBuildFile; fileRef = C4A8F4672C04C2B800347742 /* SessionStorage.swift */; };
		C4A8F46C2C04D67F00347742 /* AppDelegate+Extension.swift in Sources */ = {isa = PBXBuildFile; fileRef = C4A8F46B2C04D67F00347742 /* AppDelegate+Extension.swift */; };
		C4A8F46F2C04DA9200347742 /* KeychainManager.swift in Sources */ = {isa = PBXBuildFile; fileRef = C4A8F46E2C04DA9200347742 /* KeychainManager.swift */; };
		C4A8F4722C04DAFA00347742 /* UserDefaultsStorage.swift in Sources */ = {isa = PBXBuildFile; fileRef = C4A8F4712C04DAFA00347742 /* UserDefaultsStorage.swift */; };
		C4A8F4742C04DB1000347742 /* KeychainStorage.swift in Sources */ = {isa = PBXBuildFile; fileRef = C4A8F4732C04DB1000347742 /* KeychainStorage.swift */; };
		C4A8F4772C04DC1100347742 /* User.swift in Sources */ = {isa = PBXBuildFile; fileRef = C4A8F4762C04DC1100347742 /* User.swift */; };
		C4A8F47A2C04DC5000347742 /* Token.swift in Sources */ = {isa = PBXBuildFile; fileRef = C4A8F4792C04DC5000347742 /* Token.swift */; };
		C4A8F47D2C0608ED00347742 /* Router.swift in Sources */ = {isa = PBXBuildFile; fileRef = C4A8F47C2C0608ED00347742 /* Router.swift */; };
/* End PBXBuildFile section */

/* Begin PBXContainerItemProxy section */
		C45C28662BF798C30033CCD5 /* PBXContainerItemProxy */ = {
			isa = PBXContainerItemProxy;
			containerPortal = C45C28472BF798C00033CCD5 /* Project object */;
			proxyType = 1;
			remoteGlobalIDString = C45C284E2BF798C00033CCD5;
			remoteInfo = "Swift-Components";
		};
		C45C28702BF798C30033CCD5 /* PBXContainerItemProxy */ = {
			isa = PBXContainerItemProxy;
			containerPortal = C45C28472BF798C00033CCD5 /* Project object */;
			proxyType = 1;
			remoteGlobalIDString = C45C284E2BF798C00033CCD5;
			remoteInfo = "Swift-Components";
		};
/* End PBXContainerItemProxy section */

/* Begin PBXFileReference section */
		C45C284F2BF798C00033CCD5 /* Swift-Components.app */ = {isa = PBXFileReference; explicitFileType = wrapper.application; includeInIndex = 0; path = "Swift-Components.app"; sourceTree = BUILT_PRODUCTS_DIR; };
		C45C28522BF798C00033CCD5 /* AppDelegate.swift */ = {isa = PBXFileReference; lastKnownFileType = sourcecode.swift; path = AppDelegate.swift; sourceTree = "<group>"; };
		C45C28562BF798C00033CCD5 /* HomeVC.swift */ = {isa = PBXFileReference; lastKnownFileType = sourcecode.swift; path = HomeVC.swift; sourceTree = "<group>"; };
		C45C285B2BF798C20033CCD5 /* Assets.xcassets */ = {isa = PBXFileReference; lastKnownFileType = folder.assetcatalog; path = Assets.xcassets; sourceTree = "<group>"; };
		C45C285E2BF798C20033CCD5 /* Base */ = {isa = PBXFileReference; lastKnownFileType = file.storyboard; name = Base; path = Base.lproj/LaunchScreen.storyboard; sourceTree = "<group>"; };
		C45C28602BF798C20033CCD5 /* Info.plist */ = {isa = PBXFileReference; lastKnownFileType = text.plist.xml; path = Info.plist; sourceTree = "<group>"; };
		C45C28652BF798C30033CCD5 /* Swift-ComponentsTests.xctest */ = {isa = PBXFileReference; explicitFileType = wrapper.cfbundle; includeInIndex = 0; path = "Swift-ComponentsTests.xctest"; sourceTree = BUILT_PRODUCTS_DIR; };
		C45C28692BF798C30033CCD5 /* Swift_ComponentsTests.swift */ = {isa = PBXFileReference; lastKnownFileType = sourcecode.swift; path = Swift_ComponentsTests.swift; sourceTree = "<group>"; };
		C45C286F2BF798C30033CCD5 /* Swift-ComponentsUITests.xctest */ = {isa = PBXFileReference; explicitFileType = wrapper.cfbundle; includeInIndex = 0; path = "Swift-ComponentsUITests.xctest"; sourceTree = BUILT_PRODUCTS_DIR; };
		C45C28732BF798C30033CCD5 /* Swift_ComponentsUITests.swift */ = {isa = PBXFileReference; lastKnownFileType = sourcecode.swift; path = Swift_ComponentsUITests.swift; sourceTree = "<group>"; };
		C45C28752BF798C30033CCD5 /* Swift_ComponentsUITestsLaunchTests.swift */ = {isa = PBXFileReference; lastKnownFileType = sourcecode.swift; path = Swift_ComponentsUITestsLaunchTests.swift; sourceTree = "<group>"; };
		C45C28852BF79F240033CCD5 /* BaseVC.swift */ = {isa = PBXFileReference; lastKnownFileType = sourcecode.swift; path = BaseVC.swift; sourceTree = "<group>"; };
		C45C28902BFB693D0033CCD5 /* AppButton.swift */ = {isa = PBXFileReference; lastKnownFileType = sourcecode.swift; path = AppButton.swift; sourceTree = "<group>"; };
		C45C28932BFB95820033CCD5 /* TableListVC.swift */ = {isa = PBXFileReference; lastKnownFileType = sourcecode.swift; path = TableListVC.swift; sourceTree = "<group>"; };
		C45C28952BFB95A60033CCD5 /* CollectionListVC.swift */ = {isa = PBXFileReference; lastKnownFileType = sourcecode.swift; path = CollectionListVC.swift; sourceTree = "<group>"; };
		C45C289B2BFB95EA0033CCD5 /* BaseVM.swift */ = {isa = PBXFileReference; lastKnownFileType = sourcecode.swift; path = BaseVM.swift; sourceTree = "<group>"; };
		C45C28A12BFB96410033CCD5 /* BaseCVCell.swift */ = {isa = PBXFileReference; lastKnownFileType = sourcecode.swift; path = BaseCVCell.swift; sourceTree = "<group>"; };
		C45C28A92BFB96BE0033CCD5 /* ListVM.swift */ = {isa = PBXFileReference; lastKnownFileType = sourcecode.swift; path = ListVM.swift; sourceTree = "<group>"; };
		C45C28AC2BFB96DD0033CCD5 /* ListItemModel.swift */ = {isa = PBXFileReference; lastKnownFileType = sourcecode.swift; path = ListItemModel.swift; sourceTree = "<group>"; };
		C45C28B52BFB977F0033CCD5 /* UINavigationController+Extension.swift */ = {isa = PBXFileReference; lastKnownFileType = sourcecode.swift; path = "UINavigationController+Extension.swift"; sourceTree = "<group>"; };
		C45C28B82BFB979C0033CCD5 /* HStackView.swift */ = {isa = PBXFileReference; lastKnownFileType = sourcecode.swift; path = HStackView.swift; sourceTree = "<group>"; };
		C45C28BB2BFB97B60033CCD5 /* VStackView.swift */ = {isa = PBXFileReference; lastKnownFileType = sourcecode.swift; path = VStackView.swift; sourceTree = "<group>"; };
		C45C28BD2BFB97D60033CCD5 /* VSpacerView.swift */ = {isa = PBXFileReference; lastKnownFileType = sourcecode.swift; path = VSpacerView.swift; sourceTree = "<group>"; };
		C45C28BF2BFB97EB0033CCD5 /* HSpacerView.swift */ = {isa = PBXFileReference; lastKnownFileType = sourcecode.swift; path = HSpacerView.swift; sourceTree = "<group>"; };
		C45C28C22BFB98070033CCD5 /* VColoredSpacerView.swift */ = {isa = PBXFileReference; lastKnownFileType = sourcecode.swift; path = VColoredSpacerView.swift; sourceTree = "<group>"; };
		C45C28C42BFB981B0033CCD5 /* HColoredSpacerView.swift */ = {isa = PBXFileReference; lastKnownFileType = sourcecode.swift; path = HColoredSpacerView.swift; sourceTree = "<group>"; };
		C45C28C62BFB98310033CCD5 /* BaseView.swift */ = {isa = PBXFileReference; lastKnownFileType = sourcecode.swift; path = BaseView.swift; sourceTree = "<group>"; };
		C45C28C82BFB985B0033CCD5 /* VScrollView.swift */ = {isa = PBXFileReference; lastKnownFileType = sourcecode.swift; path = VScrollView.swift; sourceTree = "<group>"; };
		C45C28CA2BFB98700033CCD5 /* ColoredView.swift */ = {isa = PBXFileReference; lastKnownFileType = sourcecode.swift; path = ColoredView.swift; sourceTree = "<group>"; };
		C45C28CC2BFB98A80033CCD5 /* PopupHandlable.swift */ = {isa = PBXFileReference; lastKnownFileType = sourcecode.swift; path = PopupHandlable.swift; sourceTree = "<group>"; };
		C4A8F4562BFCF18A00347742 /* FormField.swift */ = {isa = PBXFileReference; lastKnownFileType = sourcecode.swift; path = FormField.swift; sourceTree = "<group>"; };
		C4A8F4592BFCF88A00347742 /* BaseLabel.swift */ = {isa = PBXFileReference; lastKnownFileType = sourcecode.swift; path = BaseLabel.swift; sourceTree = "<group>"; };
		C4A8F45B2BFD0FE600347742 /* FormFieldView.swift */ = {isa = PBXFileReference; lastKnownFileType = sourcecode.swift; path = FormFieldView.swift; sourceTree = "<group>"; };
		C4A8F45D2BFD122000347742 /* EmailFormField.swift */ = {isa = PBXFileReference; lastKnownFileType = sourcecode.swift; path = EmailFormField.swift; sourceTree = "<group>"; };
		C4A8F45F2C0225EA00347742 /* PasswordFormField.swift */ = {isa = PBXFileReference; lastKnownFileType = sourcecode.swift; path = PasswordFormField.swift; sourceTree = "<group>"; };
		C4A8F4612C02297700347742 /* NationalIDFormField.swift */ = {isa = PBXFileReference; lastKnownFileType = sourcecode.swift; path = NationalIDFormField.swift; sourceTree = "<group>"; };
		C4A8F4672C04C2B800347742 /* SessionStorage.swift */ = {isa = PBXFileReference; lastKnownFileType = sourcecode.swift; path = SessionStorage.swift; sourceTree = "<group>"; };
		C4A8F46B2C04D67F00347742 /* AppDelegate+Extension.swift */ = {isa = PBXFileReference; lastKnownFileType = sourcecode.swift; path = "AppDelegate+Extension.swift"; sourceTree = "<group>"; };
		C4A8F46E2C04DA9200347742 /* KeychainManager.swift */ = {isa = PBXFileReference; lastKnownFileType = sourcecode.swift; path = KeychainManager.swift; sourceTree = "<group>"; };
		C4A8F4712C04DAFA00347742 /* UserDefaultsStorage.swift */ = {isa = PBXFileReference; lastKnownFileType = sourcecode.swift; path = UserDefaultsStorage.swift; sourceTree = "<group>"; };
		C4A8F4732C04DB1000347742 /* KeychainStorage.swift */ = {isa = PBXFileReference; lastKnownFileType = sourcecode.swift; path = KeychainStorage.swift; sourceTree = "<group>"; };
		C4A8F4762C04DC1100347742 /* User.swift */ = {isa = PBXFileReference; lastKnownFileType = sourcecode.swift; path = User.swift; sourceTree = "<group>"; };
		C4A8F4792C04DC5000347742 /* Token.swift */ = {isa = PBXFileReference; lastKnownFileType = sourcecode.swift; path = Token.swift; sourceTree = "<group>"; };
		C4A8F47C2C0608ED00347742 /* Router.swift */ = {isa = PBXFileReference; lastKnownFileType = sourcecode.swift; path = Router.swift; sourceTree = "<group>"; };
/* End PBXFileReference section */

/* Begin PBXFrameworksBuildPhase section */
		C45C284C2BF798C00033CCD5 /* Frameworks */ = {
			isa = PBXFrameworksBuildPhase;
			buildActionMask = 2147483647;
			files = (
				C45C288B2BFB656F0033CCD5 /* RxCocoa in Frameworks */,
				C45C28842BF79A210033CCD5 /* SnapKit in Frameworks */,
				C45C288F2BFB656F0033CCD5 /* RxSwift in Frameworks */,
				C45C288D2BFB656F0033CCD5 /* RxRelay in Frameworks */,
				C45C28892BFB656F0033CCD5 /* RxBlocking in Frameworks */,
			);
			runOnlyForDeploymentPostprocessing = 0;
		};
		C45C28622BF798C30033CCD5 /* Frameworks */ = {
			isa = PBXFrameworksBuildPhase;
			buildActionMask = 2147483647;
			files = (
			);
			runOnlyForDeploymentPostprocessing = 0;
		};
		C45C286C2BF798C30033CCD5 /* Frameworks */ = {
			isa = PBXFrameworksBuildPhase;
			buildActionMask = 2147483647;
			files = (
			);
			runOnlyForDeploymentPostprocessing = 0;
		};
/* End PBXFrameworksBuildPhase section */

/* Begin PBXGroup section */
		C45C28462BF798C00033CCD5 = {
			isa = PBXGroup;
			children = (
				C45C28512BF798C00033CCD5 /* Swift-Components */,
				C45C28682BF798C30033CCD5 /* Swift-ComponentsTests */,
				C45C28722BF798C30033CCD5 /* Swift-ComponentsUITests */,
				C45C28502BF798C00033CCD5 /* Products */,
			);
			sourceTree = "<group>";
		};
		C45C28502BF798C00033CCD5 /* Products */ = {
			isa = PBXGroup;
			children = (
				C45C284F2BF798C00033CCD5 /* Swift-Components.app */,
				C45C28652BF798C30033CCD5 /* Swift-ComponentsTests.xctest */,
				C45C286F2BF798C30033CCD5 /* Swift-ComponentsUITests.xctest */,
			);
			name = Products;
			sourceTree = "<group>";
		};
		C45C28512BF798C00033CCD5 /* Swift-Components */ = {
			isa = PBXGroup;
			children = (
				C4A8F4632C04C27200347742 /* Application */,
				C45C285B2BF798C20033CCD5 /* Assets.xcassets */,
				C45C285D2BF798C20033CCD5 /* LaunchScreen.storyboard */,
				C45C28602BF798C20033CCD5 /* Info.plist */,
			);
			path = "Swift-Components";
			sourceTree = "<group>";
		};
		C45C28682BF798C30033CCD5 /* Swift-ComponentsTests */ = {
			isa = PBXGroup;
			children = (
				C45C28692BF798C30033CCD5 /* Swift_ComponentsTests.swift */,
			);
			path = "Swift-ComponentsTests";
			sourceTree = "<group>";
		};
		C45C28722BF798C30033CCD5 /* Swift-ComponentsUITests */ = {
			isa = PBXGroup;
			children = (
				C45C28732BF798C30033CCD5 /* Swift_ComponentsUITests.swift */,
				C45C28752BF798C30033CCD5 /* Swift_ComponentsUITestsLaunchTests.swift */,
			);
			path = "Swift-ComponentsUITests";
			sourceTree = "<group>";
		};
		C45C28922BFB95640033CCD5 /* Controller */ = {
			isa = PBXGroup;
			children = (
				C45C28B22BFB97100033CCD5 /* Collection */,
				C45C28B12BFB970B0033CCD5 /* Table */,
			);
			path = Controller;
			sourceTree = "<group>";
		};
		C45C28972BFB95C60033CCD5 /* Base */ = {
			isa = PBXGroup;
			children = (
				C4A8F47B2C0608DD00347742 /* Router */,
				C45C28A02BFB96380033CCD5 /* View */,
				C45C289D2BFB96070033CCD5 /* Controller */,
				C45C289A2BFB95DE0033CCD5 /* ViewModel */,
			);
			path = Base;
			sourceTree = "<group>";
		};
		C45C289A2BFB95DE0033CCD5 /* ViewModel */ = {
			isa = PBXGroup;
			children = (
				C45C289B2BFB95EA0033CCD5 /* BaseVM.swift */,
			);
			path = ViewModel;
			sourceTree = "<group>";
		};
		C45C289D2BFB96070033CCD5 /* Controller */ = {
			isa = PBXGroup;
			children = (
				C45C28852BF79F240033CCD5 /* BaseVC.swift */,
			);
			path = Controller;
			sourceTree = "<group>";
		};
		C45C28A02BFB96380033CCD5 /* View */ = {
			isa = PBXGroup;
			children = (
				C45C28A12BFB96410033CCD5 /* BaseCVCell.swift */,
				C45C28C62BFB98310033CCD5 /* BaseView.swift */,
			);
			path = View;
			sourceTree = "<group>";
		};
		C45C28A32BFB96710033CCD5 /* Presentation */ = {
			isa = PBXGroup;
			children = (
				C45C28A52BFB968B0033CCD5 /* Shared */,
				C45C28A42BFB967C0033CCD5 /* Scenes */,
			);
			path = Presentation;
			sourceTree = "<group>";
		};
		C45C28A42BFB967C0033CCD5 /* Scenes */ = {
			isa = PBXGroup;
			children = (
				C45C28B32BFB97280033CCD5 /* List */,
				C45C28AE2BFB96F20033CCD5 /* Home */,
			);
			path = Scenes;
			sourceTree = "<group>";
		};
		C45C28A52BFB968B0033CCD5 /* Shared */ = {
			isa = PBXGroup;
			children = (
				C45C28CE2BFB98BB0033CCD5 /* Utils */,
				C45C28B42BFB97700033CCD5 /* Extensions */,
				C45C28972BFB95C60033CCD5 /* Base */,
				C45C28A72BFB96960033CCD5 /* Components */,
			);
			path = Shared;
			sourceTree = "<group>";
		};
		C45C28A72BFB96960033CCD5 /* Components */ = {
			isa = PBXGroup;
			children = (
				C45C28CA2BFB98700033CCD5 /* ColoredView.swift */,
				C4A8F4582BFCF85400347742 /* Label */,
				C4A8F4552BFCF17A00347742 /* FormField */,
				C45C28D02BFB98F70033CCD5 /* ScrollView */,
				C45C28CF2BFB98E90033CCD5 /* Button */,
				C45C28C12BFB97FC0033CCD5 /* Spacer */,
				C45C28B72BFB97920033CCD5 /* StackView */,
			);
			path = Components;
			sourceTree = "<group>";
		};
		C45C28A82BFB96B20033CCD5 /* ViewModel */ = {
			isa = PBXGroup;
			children = (
				C45C28A92BFB96BE0033CCD5 /* ListVM.swift */,
			);
			path = ViewModel;
			sourceTree = "<group>";
		};
		C45C28AB2BFB96D20033CCD5 /* Model */ = {
			isa = PBXGroup;
			children = (
				C45C28AC2BFB96DD0033CCD5 /* ListItemModel.swift */,
			);
			path = Model;
			sourceTree = "<group>";
		};
		C45C28AE2BFB96F20033CCD5 /* Home */ = {
			isa = PBXGroup;
			children = (
				C45C28B02BFB97020033CCD5 /* Controller */,
			);
			path = Home;
			sourceTree = "<group>";
		};
		C45C28B02BFB97020033CCD5 /* Controller */ = {
			isa = PBXGroup;
			children = (
				C45C28562BF798C00033CCD5 /* HomeVC.swift */,
			);
			path = Controller;
			sourceTree = "<group>";
		};
		C45C28B12BFB970B0033CCD5 /* Table */ = {
			isa = PBXGroup;
			children = (
				C45C28932BFB95820033CCD5 /* TableListVC.swift */,
			);
			path = Table;
			sourceTree = "<group>";
		};
		C45C28B22BFB97100033CCD5 /* Collection */ = {
			isa = PBXGroup;
			children = (
				C45C28952BFB95A60033CCD5 /* CollectionListVC.swift */,
			);
			path = Collection;
			sourceTree = "<group>";
		};
		C45C28B32BFB97280033CCD5 /* List */ = {
			isa = PBXGroup;
			children = (
				C45C28922BFB95640033CCD5 /* Controller */,
				C45C28A82BFB96B20033CCD5 /* ViewModel */,
				C45C28AB2BFB96D20033CCD5 /* Model */,
			);
			path = List;
			sourceTree = "<group>";
		};
		C45C28B42BFB97700033CCD5 /* Extensions */ = {
			isa = PBXGroup;
			children = (
				C45C28B52BFB977F0033CCD5 /* UINavigationController+Extension.swift */,
				C4A8F46B2C04D67F00347742 /* AppDelegate+Extension.swift */,
			);
			path = Extensions;
			sourceTree = "<group>";
		};
		C45C28B72BFB97920033CCD5 /* StackView */ = {
			isa = PBXGroup;
			children = (
				C45C28B82BFB979C0033CCD5 /* HStackView.swift */,
				C45C28BB2BFB97B60033CCD5 /* VStackView.swift */,
			);
			path = StackView;
			sourceTree = "<group>";
		};
		C45C28C12BFB97FC0033CCD5 /* Spacer */ = {
			isa = PBXGroup;
			children = (
				C45C28BD2BFB97D60033CCD5 /* VSpacerView.swift */,
				C45C28BF2BFB97EB0033CCD5 /* HSpacerView.swift */,
				C45C28C22BFB98070033CCD5 /* VColoredSpacerView.swift */,
				C45C28C42BFB981B0033CCD5 /* HColoredSpacerView.swift */,
			);
			path = Spacer;
			sourceTree = "<group>";
		};
		C45C28CE2BFB98BB0033CCD5 /* Utils */ = {
			isa = PBXGroup;
			children = (
				C45C28CC2BFB98A80033CCD5 /* PopupHandlable.swift */,
			);
			path = Utils;
			sourceTree = "<group>";
		};
		C45C28CF2BFB98E90033CCD5 /* Button */ = {
			isa = PBXGroup;
			children = (
				C45C28902BFB693D0033CCD5 /* AppButton.swift */,
			);
			path = Button;
			sourceTree = "<group>";
		};
		C45C28D02BFB98F70033CCD5 /* ScrollView */ = {
			isa = PBXGroup;
			children = (
				C45C28C82BFB985B0033CCD5 /* VScrollView.swift */,
			);
			path = ScrollView;
			sourceTree = "<group>";
		};
		C4A8F4552BFCF17A00347742 /* FormField */ = {
			isa = PBXGroup;
			children = (
				C4A8F4562BFCF18A00347742 /* FormField.swift */,
				C4A8F45B2BFD0FE600347742 /* FormFieldView.swift */,
				C4A8F45D2BFD122000347742 /* EmailFormField.swift */,
				C4A8F45F2C0225EA00347742 /* PasswordFormField.swift */,
				C4A8F4612C02297700347742 /* NationalIDFormField.swift */,
			);
			path = FormField;
			sourceTree = "<group>";
		};
		C4A8F4582BFCF85400347742 /* Label */ = {
			isa = PBXGroup;
			children = (
				C4A8F4592BFCF88A00347742 /* BaseLabel.swift */,
			);
			path = Label;
			sourceTree = "<group>";
		};
		C4A8F4632C04C27200347742 /* Application */ = {
			isa = PBXGroup;
			children = (
				C45C28522BF798C00033CCD5 /* AppDelegate.swift */,
				C45C28A32BFB96710033CCD5 /* Presentation */,
				C4A8F4642C04C28000347742 /* Infrastructure */,
			);
			path = Application;
			sourceTree = "<group>";
		};
		C4A8F4642C04C28000347742 /* Infrastructure */ = {
			isa = PBXGroup;
			children = (
				C4A8F4752C04DBFB00347742 /* Domain */,
				C4A8F4652C04C2A500347742 /* Utils */,
			);
			path = Infrastructure;
			sourceTree = "<group>";
		};
		C4A8F4652C04C2A500347742 /* Utils */ = {
			isa = PBXGroup;
			children = (
				C4A8F46D2C04DA7F00347742 /* Manager */,
				C4A8F4662C04C2AA00347742 /* Storage */,
			);
			path = Utils;
			sourceTree = "<group>";
		};
		C4A8F4662C04C2AA00347742 /* Storage */ = {
			isa = PBXGroup;
			children = (
				C4A8F4672C04C2B800347742 /* SessionStorage.swift */,
				C4A8F4702C04DAED00347742 /* Main */,
			);
			path = Storage;
			sourceTree = "<group>";
		};
		C4A8F46D2C04DA7F00347742 /* Manager */ = {
			isa = PBXGroup;
			children = (
				C4A8F46E2C04DA9200347742 /* KeychainManager.swift */,
			);
			path = Manager;
			sourceTree = "<group>";
		};
		C4A8F4702C04DAED00347742 /* Main */ = {
			isa = PBXGroup;
			children = (
				C4A8F4712C04DAFA00347742 /* UserDefaultsStorage.swift */,
				C4A8F4732C04DB1000347742 /* KeychainStorage.swift */,
			);
			path = Main;
			sourceTree = "<group>";
		};
		C4A8F4752C04DBFB00347742 /* Domain */ = {
			isa = PBXGroup;
			children = (
				C4A8F4782C04DC2B00347742 /* Entities */,
			);
			path = Domain;
			sourceTree = "<group>";
		};
		C4A8F4782C04DC2B00347742 /* Entities */ = {
			isa = PBXGroup;
			children = (
				C4A8F4762C04DC1100347742 /* User.swift */,
				C4A8F4792C04DC5000347742 /* Token.swift */,
			);
			path = Entities;
			sourceTree = "<group>";
		};
		C4A8F47B2C0608DD00347742 /* Router */ = {
			isa = PBXGroup;
			children = (
				C4A8F47C2C0608ED00347742 /* Router.swift */,
			);
			path = Router;
			sourceTree = "<group>";
		};
/* End PBXGroup section */

/* Begin PBXNativeTarget section */
		C45C284E2BF798C00033CCD5 /* Swift-Components */ = {
			isa = PBXNativeTarget;
			buildConfigurationList = C45C28792BF798C30033CCD5 /* Build configuration list for PBXNativeTarget "Swift-Components" */;
			buildPhases = (
				C45C284B2BF798C00033CCD5 /* Sources */,
				C45C284C2BF798C00033CCD5 /* Frameworks */,
				C45C284D2BF798C00033CCD5 /* Resources */,
			);
			buildRules = (
			);
			dependencies = (
			);
			name = "Swift-Components";
			packageProductDependencies = (
				C45C28832BF79A210033CCD5 /* SnapKit */,
				C45C28882BFB656F0033CCD5 /* RxBlocking */,
				C45C288A2BFB656F0033CCD5 /* RxCocoa */,
				C45C288C2BFB656F0033CCD5 /* RxRelay */,
				C45C288E2BFB656F0033CCD5 /* RxSwift */,
			);
			productName = "Swift-Components";
			productReference = C45C284F2BF798C00033CCD5 /* Swift-Components.app */;
			productType = "com.apple.product-type.application";
		};
		C45C28642BF798C30033CCD5 /* Swift-ComponentsTests */ = {
			isa = PBXNativeTarget;
			buildConfigurationList = C45C287C2BF798C30033CCD5 /* Build configuration list for PBXNativeTarget "Swift-ComponentsTests" */;
			buildPhases = (
				C45C28612BF798C30033CCD5 /* Sources */,
				C45C28622BF798C30033CCD5 /* Frameworks */,
				C45C28632BF798C30033CCD5 /* Resources */,
			);
			buildRules = (
			);
			dependencies = (
				C45C28672BF798C30033CCD5 /* PBXTargetDependency */,
			);
			name = "Swift-ComponentsTests";
			productName = "Swift-ComponentsTests";
			productReference = C45C28652BF798C30033CCD5 /* Swift-ComponentsTests.xctest */;
			productType = "com.apple.product-type.bundle.unit-test";
		};
		C45C286E2BF798C30033CCD5 /* Swift-ComponentsUITests */ = {
			isa = PBXNativeTarget;
			buildConfigurationList = C45C287F2BF798C30033CCD5 /* Build configuration list for PBXNativeTarget "Swift-ComponentsUITests" */;
			buildPhases = (
				C45C286B2BF798C30033CCD5 /* Sources */,
				C45C286C2BF798C30033CCD5 /* Frameworks */,
				C45C286D2BF798C30033CCD5 /* Resources */,
			);
			buildRules = (
			);
			dependencies = (
				C45C28712BF798C30033CCD5 /* PBXTargetDependency */,
			);
			name = "Swift-ComponentsUITests";
			productName = "Swift-ComponentsUITests";
			productReference = C45C286F2BF798C30033CCD5 /* Swift-ComponentsUITests.xctest */;
			productType = "com.apple.product-type.bundle.ui-testing";
		};
/* End PBXNativeTarget section */

/* Begin PBXProject section */
		C45C28472BF798C00033CCD5 /* Project object */ = {
			isa = PBXProject;
			attributes = {
				BuildIndependentTargetsInParallel = 1;
				LastSwiftUpdateCheck = 1520;
				LastUpgradeCheck = 1520;
				TargetAttributes = {
					C45C284E2BF798C00033CCD5 = {
						CreatedOnToolsVersion = 15.2;
					};
					C45C28642BF798C30033CCD5 = {
						CreatedOnToolsVersion = 15.2;
						TestTargetID = C45C284E2BF798C00033CCD5;
					};
					C45C286E2BF798C30033CCD5 = {
						CreatedOnToolsVersion = 15.2;
						TestTargetID = C45C284E2BF798C00033CCD5;
					};
				};
			};
			buildConfigurationList = C45C284A2BF798C00033CCD5 /* Build configuration list for PBXProject "Swift-Components" */;
			compatibilityVersion = "Xcode 14.0";
			developmentRegion = en;
			hasScannedForEncodings = 0;
			knownRegions = (
				en,
				Base,
			);
			mainGroup = C45C28462BF798C00033CCD5;
			packageReferences = (
				C45C28822BF79A210033CCD5 /* XCRemoteSwiftPackageReference "SnapKit" */,
				C45C28872BFB656F0033CCD5 /* XCRemoteSwiftPackageReference "RxSwift" */,
			);
			productRefGroup = C45C28502BF798C00033CCD5 /* Products */;
			projectDirPath = "";
			projectRoot = "";
			targets = (
				C45C284E2BF798C00033CCD5 /* Swift-Components */,
				C45C28642BF798C30033CCD5 /* Swift-ComponentsTests */,
				C45C286E2BF798C30033CCD5 /* Swift-ComponentsUITests */,
			);
		};
/* End PBXProject section */

/* Begin PBXResourcesBuildPhase section */
		C45C284D2BF798C00033CCD5 /* Resources */ = {
			isa = PBXResourcesBuildPhase;
			buildActionMask = 2147483647;
			files = (
				C45C285F2BF798C20033CCD5 /* LaunchScreen.storyboard in Resources */,
				C45C285C2BF798C20033CCD5 /* Assets.xcassets in Resources */,
			);
			runOnlyForDeploymentPostprocessing = 0;
		};
		C45C28632BF798C30033CCD5 /* Resources */ = {
			isa = PBXResourcesBuildPhase;
			buildActionMask = 2147483647;
			files = (
			);
			runOnlyForDeploymentPostprocessing = 0;
		};
		C45C286D2BF798C30033CCD5 /* Resources */ = {
			isa = PBXResourcesBuildPhase;
			buildActionMask = 2147483647;
			files = (
			);
			runOnlyForDeploymentPostprocessing = 0;
		};
/* End PBXResourcesBuildPhase section */

/* Begin PBXSourcesBuildPhase section */
		C45C284B2BF798C00033CCD5 /* Sources */ = {
			isa = PBXSourcesBuildPhase;
			buildActionMask = 2147483647;
			files = (
				C4A8F45A2BFCF88A00347742 /* BaseLabel.swift in Sources */,
				C45C28942BFB95820033CCD5 /* TableListVC.swift in Sources */,
				C45C28862BF79F240033CCD5 /* BaseVC.swift in Sources */,
				C4A8F4572BFCF18A00347742 /* FormField.swift in Sources */,
				C45C28962BFB95A60033CCD5 /* CollectionListVC.swift in Sources */,
				C45C28CD2BFB98A80033CCD5 /* PopupHandlable.swift in Sources */,
				C45C28C52BFB981B0033CCD5 /* HColoredSpacerView.swift in Sources */,
				C45C28C32BFB98070033CCD5 /* VColoredSpacerView.swift in Sources */,
				C45C28572BF798C00033CCD5 /* HomeVC.swift in Sources */,
				C45C28532BF798C00033CCD5 /* AppDelegate.swift in Sources */,
				C4A8F4622C02297700347742 /* NationalIDFormField.swift in Sources */,
				C45C28AA2BFB96BE0033CCD5 /* ListVM.swift in Sources */,
				C45C289C2BFB95EA0033CCD5 /* BaseVM.swift in Sources */,
				C45C28912BFB693D0033CCD5 /* AppButton.swift in Sources */,
				C45C28BE2BFB97D60033CCD5 /* VSpacerView.swift in Sources */,
				C4A8F47A2C04DC5000347742 /* Token.swift in Sources */,
				C45C28AD2BFB96DD0033CCD5 /* ListItemModel.swift in Sources */,
				C4A8F47D2C0608ED00347742 /* Router.swift in Sources */,
				C45C28BC2BFB97B60033CCD5 /* VStackView.swift in Sources */,
				C4A8F4742C04DB1000347742 /* KeychainStorage.swift in Sources */,
				C4A8F45E2BFD122000347742 /* EmailFormField.swift in Sources */,
				C4A8F4602C0225EA00347742 /* PasswordFormField.swift in Sources */,
				C4A8F46F2C04DA9200347742 /* KeychainManager.swift in Sources */,
				C4A8F4772C04DC1100347742 /* User.swift in Sources */,
				C4A8F46C2C04D67F00347742 /* AppDelegate+Extension.swift in Sources */,
				C45C28A22BFB96410033CCD5 /* BaseCVCell.swift in Sources */,
				C4A8F4682C04C2B800347742 /* SessionStorage.swift in Sources */,
				C4A8F45C2BFD0FE600347742 /* FormFieldView.swift in Sources */,
				C45C28C02BFB97EB0033CCD5 /* HSpacerView.swift in Sources */,
				C45C28C92BFB985B0033CCD5 /* VScrollView.swift in Sources */,
				C45C28CB2BFB98700033CCD5 /* ColoredView.swift in Sources */,
				C45C28C72BFB98310033CCD5 /* BaseView.swift in Sources */,
				C4A8F4722C04DAFA00347742 /* UserDefaultsStorage.swift in Sources */,
				C45C28B62BFB977F0033CCD5 /* UINavigationController+Extension.swift in Sources */,
				C45C28B92BFB979C0033CCD5 /* HStackView.swift in Sources */,
			);
			runOnlyForDeploymentPostprocessing = 0;
		};
		C45C28612BF798C30033CCD5 /* Sources */ = {
			isa = PBXSourcesBuildPhase;
			buildActionMask = 2147483647;
			files = (
				C45C286A2BF798C30033CCD5 /* Swift_ComponentsTests.swift in Sources */,
			);
			runOnlyForDeploymentPostprocessing = 0;
		};
		C45C286B2BF798C30033CCD5 /* Sources */ = {
			isa = PBXSourcesBuildPhase;
			buildActionMask = 2147483647;
			files = (
				C45C28762BF798C30033CCD5 /* Swift_ComponentsUITestsLaunchTests.swift in Sources */,
				C45C28742BF798C30033CCD5 /* Swift_ComponentsUITests.swift in Sources */,
			);
			runOnlyForDeploymentPostprocessing = 0;
		};
/* End PBXSourcesBuildPhase section */

/* Begin PBXTargetDependency section */
		C45C28672BF798C30033CCD5 /* PBXTargetDependency */ = {
			isa = PBXTargetDependency;
			target = C45C284E2BF798C00033CCD5 /* Swift-Components */;
			targetProxy = C45C28662BF798C30033CCD5 /* PBXContainerItemProxy */;
		};
		C45C28712BF798C30033CCD5 /* PBXTargetDependency */ = {
			isa = PBXTargetDependency;
			target = C45C284E2BF798C00033CCD5 /* Swift-Components */;
			targetProxy = C45C28702BF798C30033CCD5 /* PBXContainerItemProxy */;
		};
/* End PBXTargetDependency section */

/* Begin PBXVariantGroup section */
		C45C285D2BF798C20033CCD5 /* LaunchScreen.storyboard */ = {
			isa = PBXVariantGroup;
			children = (
				C45C285E2BF798C20033CCD5 /* Base */,
			);
			name = LaunchScreen.storyboard;
			sourceTree = "<group>";
		};
/* End PBXVariantGroup section */

/* Begin XCBuildConfiguration section */
		C45C28772BF798C30033CCD5 /* Debug */ = {
			isa = XCBuildConfiguration;
			buildSettings = {
				ALWAYS_SEARCH_USER_PATHS = NO;
				ASSETCATALOG_COMPILER_GENERATE_SWIFT_ASSET_SYMBOL_EXTENSIONS = YES;
				CLANG_ANALYZER_NONNULL = YES;
				CLANG_ANALYZER_NUMBER_OBJECT_CONVERSION = YES_AGGRESSIVE;
				CLANG_CXX_LANGUAGE_STANDARD = "gnu++20";
				CLANG_ENABLE_MODULES = YES;
				CLANG_ENABLE_OBJC_ARC = YES;
				CLANG_ENABLE_OBJC_WEAK = YES;
				CLANG_WARN_BLOCK_CAPTURE_AUTORELEASING = YES;
				CLANG_WARN_BOOL_CONVERSION = YES;
				CLANG_WARN_COMMA = YES;
				CLANG_WARN_CONSTANT_CONVERSION = YES;
				CLANG_WARN_DEPRECATED_OBJC_IMPLEMENTATIONS = YES;
				CLANG_WARN_DIRECT_OBJC_ISA_USAGE = YES_ERROR;
				CLANG_WARN_DOCUMENTATION_COMMENTS = YES;
				CLANG_WARN_EMPTY_BODY = YES;
				CLANG_WARN_ENUM_CONVERSION = YES;
				CLANG_WARN_INFINITE_RECURSION = YES;
				CLANG_WARN_INT_CONVERSION = YES;
				CLANG_WARN_NON_LITERAL_NULL_CONVERSION = YES;
				CLANG_WARN_OBJC_IMPLICIT_RETAIN_SELF = YES;
				CLANG_WARN_OBJC_LITERAL_CONVERSION = YES;
				CLANG_WARN_OBJC_ROOT_CLASS = YES_ERROR;
				CLANG_WARN_QUOTED_INCLUDE_IN_FRAMEWORK_HEADER = YES;
				CLANG_WARN_RANGE_LOOP_ANALYSIS = YES;
				CLANG_WARN_STRICT_PROTOTYPES = YES;
				CLANG_WARN_SUSPICIOUS_MOVE = YES;
				CLANG_WARN_UNGUARDED_AVAILABILITY = YES_AGGRESSIVE;
				CLANG_WARN_UNREACHABLE_CODE = YES;
				CLANG_WARN__DUPLICATE_METHOD_MATCH = YES;
				COPY_PHASE_STRIP = NO;
				DEBUG_INFORMATION_FORMAT = dwarf;
				ENABLE_STRICT_OBJC_MSGSEND = YES;
				ENABLE_TESTABILITY = YES;
				ENABLE_USER_SCRIPT_SANDBOXING = YES;
				GCC_C_LANGUAGE_STANDARD = gnu17;
				GCC_DYNAMIC_NO_PIC = NO;
				GCC_NO_COMMON_BLOCKS = YES;
				GCC_OPTIMIZATION_LEVEL = 0;
				GCC_PREPROCESSOR_DEFINITIONS = (
					"DEBUG=1",
					"$(inherited)",
				);
				GCC_WARN_64_TO_32_BIT_CONVERSION = YES;
				GCC_WARN_ABOUT_RETURN_TYPE = YES_ERROR;
				GCC_WARN_UNDECLARED_SELECTOR = YES;
				GCC_WARN_UNINITIALIZED_AUTOS = YES_AGGRESSIVE;
				GCC_WARN_UNUSED_FUNCTION = YES;
				GCC_WARN_UNUSED_VARIABLE = YES;
				IPHONEOS_DEPLOYMENT_TARGET = 17.2;
				LOCALIZATION_PREFERS_STRING_CATALOGS = YES;
				MTL_ENABLE_DEBUG_INFO = INCLUDE_SOURCE;
				MTL_FAST_MATH = YES;
				ONLY_ACTIVE_ARCH = YES;
				SDKROOT = iphoneos;
				SWIFT_ACTIVE_COMPILATION_CONDITIONS = "DEBUG $(inherited)";
				SWIFT_OPTIMIZATION_LEVEL = "-Onone";
			};
			name = Debug;
		};
		C45C28782BF798C30033CCD5 /* Release */ = {
			isa = XCBuildConfiguration;
			buildSettings = {
				ALWAYS_SEARCH_USER_PATHS = NO;
				ASSETCATALOG_COMPILER_GENERATE_SWIFT_ASSET_SYMBOL_EXTENSIONS = YES;
				CLANG_ANALYZER_NONNULL = YES;
				CLANG_ANALYZER_NUMBER_OBJECT_CONVERSION = YES_AGGRESSIVE;
				CLANG_CXX_LANGUAGE_STANDARD = "gnu++20";
				CLANG_ENABLE_MODULES = YES;
				CLANG_ENABLE_OBJC_ARC = YES;
				CLANG_ENABLE_OBJC_WEAK = YES;
				CLANG_WARN_BLOCK_CAPTURE_AUTORELEASING = YES;
				CLANG_WARN_BOOL_CONVERSION = YES;
				CLANG_WARN_COMMA = YES;
				CLANG_WARN_CONSTANT_CONVERSION = YES;
				CLANG_WARN_DEPRECATED_OBJC_IMPLEMENTATIONS = YES;
				CLANG_WARN_DIRECT_OBJC_ISA_USAGE = YES_ERROR;
				CLANG_WARN_DOCUMENTATION_COMMENTS = YES;
				CLANG_WARN_EMPTY_BODY = YES;
				CLANG_WARN_ENUM_CONVERSION = YES;
				CLANG_WARN_INFINITE_RECURSION = YES;
				CLANG_WARN_INT_CONVERSION = YES;
				CLANG_WARN_NON_LITERAL_NULL_CONVERSION = YES;
				CLANG_WARN_OBJC_IMPLICIT_RETAIN_SELF = YES;
				CLANG_WARN_OBJC_LITERAL_CONVERSION = YES;
				CLANG_WARN_OBJC_ROOT_CLASS = YES_ERROR;
				CLANG_WARN_QUOTED_INCLUDE_IN_FRAMEWORK_HEADER = YES;
				CLANG_WARN_RANGE_LOOP_ANALYSIS = YES;
				CLANG_WARN_STRICT_PROTOTYPES = YES;
				CLANG_WARN_SUSPICIOUS_MOVE = YES;
				CLANG_WARN_UNGUARDED_AVAILABILITY = YES_AGGRESSIVE;
				CLANG_WARN_UNREACHABLE_CODE = YES;
				CLANG_WARN__DUPLICATE_METHOD_MATCH = YES;
				COPY_PHASE_STRIP = NO;
				DEBUG_INFORMATION_FORMAT = "dwarf-with-dsym";
				ENABLE_NS_ASSERTIONS = NO;
				ENABLE_STRICT_OBJC_MSGSEND = YES;
				ENABLE_USER_SCRIPT_SANDBOXING = YES;
				GCC_C_LANGUAGE_STANDARD = gnu17;
				GCC_NO_COMMON_BLOCKS = YES;
				GCC_WARN_64_TO_32_BIT_CONVERSION = YES;
				GCC_WARN_ABOUT_RETURN_TYPE = YES_ERROR;
				GCC_WARN_UNDECLARED_SELECTOR = YES;
				GCC_WARN_UNINITIALIZED_AUTOS = YES_AGGRESSIVE;
				GCC_WARN_UNUSED_FUNCTION = YES;
				GCC_WARN_UNUSED_VARIABLE = YES;
				IPHONEOS_DEPLOYMENT_TARGET = 17.2;
				LOCALIZATION_PREFERS_STRING_CATALOGS = YES;
				MTL_ENABLE_DEBUG_INFO = NO;
				MTL_FAST_MATH = YES;
				SDKROOT = iphoneos;
				SWIFT_COMPILATION_MODE = wholemodule;
				VALIDATE_PRODUCT = YES;
			};
			name = Release;
		};
		C45C287A2BF798C30033CCD5 /* Debug */ = {
			isa = XCBuildConfiguration;
			buildSettings = {
				ASSETCATALOG_COMPILER_APPICON_NAME = AppIcon;
				ASSETCATALOG_COMPILER_GLOBAL_ACCENT_COLOR_NAME = AccentColor;
				CODE_SIGN_STYLE = Automatic;
				CURRENT_PROJECT_VERSION = 1;
				DEVELOPMENT_TEAM = 2Q3W9EUX95;
				GENERATE_INFOPLIST_FILE = YES;
				INFOPLIST_FILE = "Swift-Components/Info.plist";
				INFOPLIST_KEY_UIApplicationSupportsIndirectInputEvents = YES;
				INFOPLIST_KEY_UILaunchStoryboardName = LaunchScreen;
				INFOPLIST_KEY_UIMainStoryboardFile = "";
				INFOPLIST_KEY_UISupportedInterfaceOrientations = UIInterfaceOrientationPortrait;
				INFOPLIST_KEY_UISupportedInterfaceOrientations_iPad = "UIInterfaceOrientationLandscapeLeft UIInterfaceOrientationLandscapeRight UIInterfaceOrientationPortrait UIInterfaceOrientationPortraitUpsideDown";
				LD_RUNPATH_SEARCH_PATHS = (
					"$(inherited)",
					"@executable_path/Frameworks",
				);
				MARKETING_VERSION = 1.0;
				PRODUCT_BUNDLE_IDENTIFIER = "com.cinaryusuf.Swift-Components";
				PRODUCT_NAME = "$(TARGET_NAME)";
				SUPPORTED_PLATFORMS = "iphoneos iphonesimulator";
				SUPPORTS_MACCATALYST = NO;
				SUPPORTS_MAC_DESIGNED_FOR_IPHONE_IPAD = NO;
				SUPPORTS_XR_DESIGNED_FOR_IPHONE_IPAD = NO;
				SWIFT_EMIT_LOC_STRINGS = YES;
				SWIFT_VERSION = 5.0;
				TARGETED_DEVICE_FAMILY = 1;
			};
			name = Debug;
		};
		C45C287B2BF798C30033CCD5 /* Release */ = {
			isa = XCBuildConfiguration;
			buildSettings = {
				ASSETCATALOG_COMPILER_APPICON_NAME = AppIcon;
				ASSETCATALOG_COMPILER_GLOBAL_ACCENT_COLOR_NAME = AccentColor;
				CODE_SIGN_STYLE = Automatic;
				CURRENT_PROJECT_VERSION = 1;
				DEVELOPMENT_TEAM = 2Q3W9EUX95;
				GENERATE_INFOPLIST_FILE = YES;
				INFOPLIST_FILE = "Swift-Components/Info.plist";
				INFOPLIST_KEY_UIApplicationSupportsIndirectInputEvents = YES;
				INFOPLIST_KEY_UILaunchStoryboardName = LaunchScreen;
				INFOPLIST_KEY_UIMainStoryboardFile = "";
				INFOPLIST_KEY_UISupportedInterfaceOrientations = UIInterfaceOrientationPortrait;
				INFOPLIST_KEY_UISupportedInterfaceOrientations_iPad = "UIInterfaceOrientationLandscapeLeft UIInterfaceOrientationLandscapeRight UIInterfaceOrientationPortrait UIInterfaceOrientationPortraitUpsideDown";
				LD_RUNPATH_SEARCH_PATHS = (
					"$(inherited)",
					"@executable_path/Frameworks",
				);
				MARKETING_VERSION = 1.0;
				PRODUCT_BUNDLE_IDENTIFIER = "com.cinaryusuf.Swift-Components";
				PRODUCT_NAME = "$(TARGET_NAME)";
				SUPPORTED_PLATFORMS = "iphoneos iphonesimulator";
				SUPPORTS_MACCATALYST = NO;
				SUPPORTS_MAC_DESIGNED_FOR_IPHONE_IPAD = NO;
				SUPPORTS_XR_DESIGNED_FOR_IPHONE_IPAD = NO;
				SWIFT_EMIT_LOC_STRINGS = YES;
				SWIFT_VERSION = 5.0;
				TARGETED_DEVICE_FAMILY = 1;
			};
			name = Release;
		};
		C45C287D2BF798C30033CCD5 /* Debug */ = {
			isa = XCBuildConfiguration;
			buildSettings = {
				ALWAYS_EMBED_SWIFT_STANDARD_LIBRARIES = YES;
				BUNDLE_LOADER = "$(TEST_HOST)";
				CODE_SIGN_STYLE = Automatic;
				CURRENT_PROJECT_VERSION = 1;
				DEVELOPMENT_TEAM = 2Q3W9EUX95;
				GENERATE_INFOPLIST_FILE = YES;
				IPHONEOS_DEPLOYMENT_TARGET = 17.2;
				MARKETING_VERSION = 1.0;
				PRODUCT_BUNDLE_IDENTIFIER = "com.cinaryusuf.Swift-ComponentsTests";
				PRODUCT_NAME = "$(TARGET_NAME)";
				SWIFT_EMIT_LOC_STRINGS = NO;
				SWIFT_VERSION = 5.0;
				TARGETED_DEVICE_FAMILY = "1,2";
				TEST_HOST = "$(BUILT_PRODUCTS_DIR)/Swift-Components.app/$(BUNDLE_EXECUTABLE_FOLDER_PATH)/Swift-Components";
			};
			name = Debug;
		};
		C45C287E2BF798C30033CCD5 /* Release */ = {
			isa = XCBuildConfiguration;
			buildSettings = {
				ALWAYS_EMBED_SWIFT_STANDARD_LIBRARIES = YES;
				BUNDLE_LOADER = "$(TEST_HOST)";
				CODE_SIGN_STYLE = Automatic;
				CURRENT_PROJECT_VERSION = 1;
				DEVELOPMENT_TEAM = 2Q3W9EUX95;
				GENERATE_INFOPLIST_FILE = YES;
				IPHONEOS_DEPLOYMENT_TARGET = 17.2;
				MARKETING_VERSION = 1.0;
				PRODUCT_BUNDLE_IDENTIFIER = "com.cinaryusuf.Swift-ComponentsTests";
				PRODUCT_NAME = "$(TARGET_NAME)";
				SWIFT_EMIT_LOC_STRINGS = NO;
				SWIFT_VERSION = 5.0;
				TARGETED_DEVICE_FAMILY = "1,2";
				TEST_HOST = "$(BUILT_PRODUCTS_DIR)/Swift-Components.app/$(BUNDLE_EXECUTABLE_FOLDER_PATH)/Swift-Components";
			};
			name = Release;
		};
		C45C28802BF798C30033CCD5 /* Debug */ = {
			isa = XCBuildConfiguration;
			buildSettings = {
				ALWAYS_EMBED_SWIFT_STANDARD_LIBRARIES = YES;
				CODE_SIGN_STYLE = Automatic;
				CURRENT_PROJECT_VERSION = 1;
				DEVELOPMENT_TEAM = 2Q3W9EUX95;
				GENERATE_INFOPLIST_FILE = YES;
				MARKETING_VERSION = 1.0;
				PRODUCT_BUNDLE_IDENTIFIER = "com.cinaryusuf.Swift-ComponentsUITests";
				PRODUCT_NAME = "$(TARGET_NAME)";
				SWIFT_EMIT_LOC_STRINGS = NO;
				SWIFT_VERSION = 5.0;
				TARGETED_DEVICE_FAMILY = "1,2";
				TEST_TARGET_NAME = "Swift-Components";
			};
			name = Debug;
		};
		C45C28812BF798C30033CCD5 /* Release */ = {
			isa = XCBuildConfiguration;
			buildSettings = {
				ALWAYS_EMBED_SWIFT_STANDARD_LIBRARIES = YES;
				CODE_SIGN_STYLE = Automatic;
				CURRENT_PROJECT_VERSION = 1;
				DEVELOPMENT_TEAM = 2Q3W9EUX95;
				GENERATE_INFOPLIST_FILE = YES;
				MARKETING_VERSION = 1.0;
				PRODUCT_BUNDLE_IDENTIFIER = "com.cinaryusuf.Swift-ComponentsUITests";
				PRODUCT_NAME = "$(TARGET_NAME)";
				SWIFT_EMIT_LOC_STRINGS = NO;
				SWIFT_VERSION = 5.0;
				TARGETED_DEVICE_FAMILY = "1,2";
				TEST_TARGET_NAME = "Swift-Components";
			};
			name = Release;
		};
/* End XCBuildConfiguration section */

/* Begin XCConfigurationList section */
		C45C284A2BF798C00033CCD5 /* Build configuration list for PBXProject "Swift-Components" */ = {
			isa = XCConfigurationList;
			buildConfigurations = (
				C45C28772BF798C30033CCD5 /* Debug */,
				C45C28782BF798C30033CCD5 /* Release */,
			);
			defaultConfigurationIsVisible = 0;
			defaultConfigurationName = Release;
		};
		C45C28792BF798C30033CCD5 /* Build configuration list for PBXNativeTarget "Swift-Components" */ = {
			isa = XCConfigurationList;
			buildConfigurations = (
				C45C287A2BF798C30033CCD5 /* Debug */,
				C45C287B2BF798C30033CCD5 /* Release */,
			);
			defaultConfigurationIsVisible = 0;
			defaultConfigurationName = Release;
		};
		C45C287C2BF798C30033CCD5 /* Build configuration list for PBXNativeTarget "Swift-ComponentsTests" */ = {
			isa = XCConfigurationList;
			buildConfigurations = (
				C45C287D2BF798C30033CCD5 /* Debug */,
				C45C287E2BF798C30033CCD5 /* Release */,
			);
			defaultConfigurationIsVisible = 0;
			defaultConfigurationName = Release;
		};
		C45C287F2BF798C30033CCD5 /* Build configuration list for PBXNativeTarget "Swift-ComponentsUITests" */ = {
			isa = XCConfigurationList;
			buildConfigurations = (
				C45C28802BF798C30033CCD5 /* Debug */,
				C45C28812BF798C30033CCD5 /* Release */,
			);
			defaultConfigurationIsVisible = 0;
			defaultConfigurationName = Release;
		};
/* End XCConfigurationList section */

/* Begin XCRemoteSwiftPackageReference section */
		C45C28822BF79A210033CCD5 /* XCRemoteSwiftPackageReference "SnapKit" */ = {
			isa = XCRemoteSwiftPackageReference;
			repositoryURL = "https://github.com/SnapKit/SnapKit.git";
			requirement = {
				kind = upToNextMajorVersion;
				minimumVersion = 5.7.1;
			};
		};
		C45C28872BFB656F0033CCD5 /* XCRemoteSwiftPackageReference "RxSwift" */ = {
			isa = XCRemoteSwiftPackageReference;
			repositoryURL = "https://github.com/ReactiveX/RxSwift";
			requirement = {
				kind = upToNextMajorVersion;
				minimumVersion = 6.7.1;
			};
		};
/* End XCRemoteSwiftPackageReference section */

/* Begin XCSwiftPackageProductDependency section */
		C45C28832BF79A210033CCD5 /* SnapKit */ = {
			isa = XCSwiftPackageProductDependency;
			package = C45C28822BF79A210033CCD5 /* XCRemoteSwiftPackageReference "SnapKit" */;
			productName = SnapKit;
		};
		C45C28882BFB656F0033CCD5 /* RxBlocking */ = {
			isa = XCSwiftPackageProductDependency;
			package = C45C28872BFB656F0033CCD5 /* XCRemoteSwiftPackageReference "RxSwift" */;
			productName = RxBlocking;
		};
		C45C288A2BFB656F0033CCD5 /* RxCocoa */ = {
			isa = XCSwiftPackageProductDependency;
			package = C45C28872BFB656F0033CCD5 /* XCRemoteSwiftPackageReference "RxSwift" */;
			productName = RxCocoa;
		};
		C45C288C2BFB656F0033CCD5 /* RxRelay */ = {
			isa = XCSwiftPackageProductDependency;
			package = C45C28872BFB656F0033CCD5 /* XCRemoteSwiftPackageReference "RxSwift" */;
			productName = RxRelay;
		};
		C45C288E2BFB656F0033CCD5 /* RxSwift */ = {
			isa = XCSwiftPackageProductDependency;
			package = C45C28872BFB656F0033CCD5 /* XCRemoteSwiftPackageReference "RxSwift" */;
			productName = RxSwift;
		};
/* End XCSwiftPackageProductDependency section */
	};
	rootObject = C45C28472BF798C00033CCD5 /* Project object */;
}
